# This file is generated by running "yarn install" inside your project.
# Manual changes might be lost - proceed with caution!

__metadata:
  version: 8
  cacheKey: 10c0

"@fortawesome/fontawesome-common-types@npm:6.5.1":
  version: 6.5.1
  resolution: "@fortawesome/fontawesome-common-types@npm:6.5.1"
  checksum: afd4e6de0af60b1dc1557877f8f5fa95ee9f0fb0558581d25c46d24c2946bbcf54e351451d0ca2d6b043a283a66526450da7cf052a45702237b0c8383823a825
  languageName: node
  linkType: hard

"@fortawesome/free-regular-svg-icons@npm:^6.5.1":
  version: 6.5.1
  resolution: "@fortawesome/free-regular-svg-icons@npm:6.5.1"
  dependencies:
    "@fortawesome/fontawesome-common-types": "npm:6.5.1"
  checksum: 6e35a9b054854484e11d6e5b99bd7a59d421b43a252ce1cdd2054080738f2a4d4b7219245ba3753bd506fd847a7b7ad8e1a24fca270fa51b0bd9299ccc23401c
  languageName: node
  linkType: hard

"@fortawesome/free-solid-svg-icons@npm:^6.5.1":
  version: 6.5.1
  resolution: "@fortawesome/free-solid-svg-icons@npm:6.5.1"
  dependencies:
    "@fortawesome/fontawesome-common-types": "npm:6.5.1"
  checksum: 4874dca5780b74097a5ee8cb86eced74a61b175b6a0b1e5a963b932f6e87f98485d50b9bca208738316e0bccf4cadbea73ecb5678c9ba8d85f2f9f7cb455fd20
  languageName: node
  linkType: hard

"@fortawesome/react-fontawesome@npm:^0.2.0":
  version: 0.2.0
  resolution: "@fortawesome/react-fontawesome@npm:0.2.0"
  dependencies:
    prop-types: "npm:^15.8.1"
  peerDependencies:
    "@fortawesome/fontawesome-svg-core": ~1 || ~6
    react: ">=16.3"
  checksum: cf1bd3840dfe1b39d2d5ee92ac49ba3aabad95d05dd6374368a5a1e5f140c8e497d11599290cb70afc6c856bb3228628269199e9659ce8f3132692a2d1e464a5
  languageName: node
  linkType: hard

"@react-oauth/google@npm:^0.12.1":
  version: 0.12.1
  resolution: "@react-oauth/google@npm:0.12.1"
  peerDependencies:
    react: ">=16.8.0"
    react-dom: ">=16.8.0"
  checksum: fe23e3c0a4d0b9999fcd7b932b1a42bf94fdab526473931d780d08742455b8861fc647857b3b491e258ecef4a407dbf7321440c0d00890e23059d487795f92fb
  languageName: node
  linkType: hard

"@remix-run/router@npm:1.0.5":
  version: 1.0.5
  resolution: "@remix-run/router@npm:1.0.5"
  checksum: 45686a224f246d38d16156a635c394aa282c9f0e8f6433b810b1e4142fa00f76524d572fd597ac050419a97d1e4cc465183d6daaba8496a10b192cb4e63ba87c
  languageName: node
  linkType: hard

"@types/hoist-non-react-statics@npm:^3.3.1":
  version: 3.3.5
  resolution: "@types/hoist-non-react-statics@npm:3.3.5"
  dependencies:
    "@types/react": "npm:*"
    hoist-non-react-statics: "npm:^3.3.0"
  checksum: 2a3b64bf3d9817d7830afa60ee314493c475fb09570a64e7737084cd482d2177ebdddf888ce837350bac51741278b077683facc9541f052d4bbe8487b4e3e618
  languageName: node
  linkType: hard

"@types/prop-types@npm:*":
  version: 15.7.11
  resolution: "@types/prop-types@npm:15.7.11"
  checksum: e53423cf9d510515ef8b47ff42f4f1b65a7b7b37c8704e2dbfcb9a60defe0c0e1f3cb1acfdeb466bad44ca938d7c79bffdd51b48ffb659df2432169d0b27a132
  languageName: node
  linkType: hard

"@types/react@npm:*":
  version: 18.2.48
  resolution: "@types/react@npm:18.2.48"
  dependencies:
    "@types/prop-types": "npm:*"
    "@types/scheduler": "npm:*"
    csstype: "npm:^3.0.2"
  checksum: 7e89f18ea2928b1638f564b156d692894dcb9352a7e0a807873c97e858abe1f23dbd165a25dd088a991344e973fdeef88ba5724bfb64504b74072cbc9c220c3a
  languageName: node
  linkType: hard

"@types/scheduler@npm:*":
  version: 0.16.8
  resolution: "@types/scheduler@npm:0.16.8"
  checksum: f86de504945b8fc41b1f391f847444d542e2e4067cf7e5d9bfeb5d2d2393d3203b1161bc0ef3b1e104d828dabfb60baf06e8d2c27e27ff7e8258e6e618d8c4ec
  languageName: node
  linkType: hard

"asynckit@npm:^0.4.0":
  version: 0.4.0
  resolution: "asynckit@npm:0.4.0"
  checksum: d73e2ddf20c4eb9337e1b3df1a0f6159481050a5de457c55b14ea2e5cb6d90bb69e004c9af54737a5ee0917fcf2c9e25de67777bbe58261847846066ba75bc9d
  languageName: node
  linkType: hard

"axios@npm:^1.6.7":
  version: 1.6.7
  resolution: "axios@npm:1.6.7"
  dependencies:
    follow-redirects: "npm:^1.15.4"
    form-data: "npm:^4.0.0"
    proxy-from-env: "npm:^1.1.0"
  checksum: 131bf8e62eee48ca4bd84e6101f211961bf6a21a33b95e5dfb3983d5a2fe50d9fffde0b57668d7ce6f65063d3dc10f2212cbcb554f75cfca99da1c73b210358d
  languageName: node
  linkType: hard

"clsx@npm:^2.1.0":
  version: 2.1.0
  resolution: "clsx@npm:2.1.0"
  checksum: c09c00ad14f638366ca814097e6cab533dfa1972a358da5b557be487168acbb25b4c1395e89ffa842a8a61ba87a462d2b4885bc9d4f8410b598f3cb339599cdb
  languageName: node
  linkType: hard

"combined-stream@npm:^1.0.8":
  version: 1.0.8
  resolution: "combined-stream@npm:1.0.8"
  dependencies:
    delayed-stream: "npm:~1.0.0"
  checksum: 0dbb829577e1b1e839fa82b40c07ffaf7de8a09b935cadd355a73652ae70a88b4320db322f6634a4ad93424292fa80973ac6480986247f1734a1137debf271d5
  languageName: node
  linkType: hard

"csstype@npm:^3.0.2":
  version: 3.1.3
  resolution: "csstype@npm:3.1.3"
  checksum: 80c089d6f7e0c5b2bd83cf0539ab41474198579584fa10d86d0cafe0642202343cbc119e076a0b1aece191989477081415d66c9fefbf3c957fc2fc4b7009f248
  languageName: node
  linkType: hard

"deepmerge@npm:^2.1.1":
  version: 2.2.1
  resolution: "deepmerge@npm:2.2.1"
  checksum: 4379288cabd817587cee92a095ea65d18317b45e48010a2e0d87982b5f432239a144f9c8ebd4ab090cc21f0cb47e51ebfe32921f329b3b3084a2711d5d63e450
  languageName: node
  linkType: hard

"delayed-stream@npm:~1.0.0":
  version: 1.0.0
  resolution: "delayed-stream@npm:1.0.0"
  checksum: d758899da03392e6712f042bec80aa293bbe9e9ff1b2634baae6a360113e708b91326594c8a486d475c69d6259afb7efacdc3537bfcda1c6c648e390ce601b19
  languageName: node
  linkType: hard

"follow-redirects@npm:^1.15.4":
  version: 1.15.5
  resolution: "follow-redirects@npm:1.15.5"
  peerDependenciesMeta:
    debug:
      optional: true
  checksum: 418d71688ceaf109dfd6f85f747a0c75de30afe43a294caa211def77f02ef19865b547dfb73fde82b751e1cc507c06c754120b848fe5a7400b0a669766df7615
  languageName: node
  linkType: hard

"form-data@npm:^4.0.0":
  version: 4.0.0
  resolution: "form-data@npm:4.0.0"
  dependencies:
    asynckit: "npm:^0.4.0"
    combined-stream: "npm:^1.0.8"
    mime-types: "npm:^2.1.12"
  checksum: cb6f3ac49180be03ff07ba3ff125f9eba2ff0b277fb33c7fc47569fc5e616882c5b1c69b9904c4c4187e97dd0419dd03b134174756f296dec62041e6527e2c6e
  languageName: node
  linkType: hard

"formik@npm:^2.4.5":
  version: 2.4.5
  resolution: "formik@npm:2.4.5"
  dependencies:
    "@types/hoist-non-react-statics": "npm:^3.3.1"
    deepmerge: "npm:^2.1.1"
    hoist-non-react-statics: "npm:^3.3.0"
    lodash: "npm:^4.17.21"
    lodash-es: "npm:^4.17.21"
    react-fast-compare: "npm:^2.0.1"
    tiny-warning: "npm:^1.0.2"
    tslib: "npm:^2.0.0"
  peerDependencies:
    react: ">=16.8.0"
  checksum: 61f0d9eb092edd122f0d2988ca3d0a01073bde38af977e96ba9818382dc1fefd4cdb016cd61f08443055a748bbbbe2a95347d4528b81cc5c1c6f75865fc84927
  languageName: node
  linkType: hard

"hoist-non-react-statics@npm:^3.3.0":
  version: 3.3.2
  resolution: "hoist-non-react-statics@npm:3.3.2"
  dependencies:
    react-is: "npm:^16.7.0"
  checksum: fe0889169e845d738b59b64badf5e55fa3cf20454f9203d1eb088df322d49d4318df774828e789898dcb280e8a5521bb59b3203385662ca5e9218a6ca5820e74
  languageName: node
  linkType: hard

"js-tokens@npm:^3.0.0 || ^4.0.0":
  version: 4.0.0
  resolution: "js-tokens@npm:4.0.0"
  checksum: e248708d377aa058eacf2037b07ded847790e6de892bbad3dac0abba2e759cb9f121b00099a65195616badcb6eca8d14d975cb3e89eb1cfda644756402c8aeed
  languageName: node
  linkType: hard

"lodash-es@npm:^4.17.21":
  version: 4.17.21
  resolution: "lodash-es@npm:4.17.21"
  checksum: fb407355f7e6cd523a9383e76e6b455321f0f153a6c9625e21a8827d10c54c2a2341bd2ae8d034358b60e07325e1330c14c224ff582d04612a46a4f0479ff2f2
  languageName: node
  linkType: hard

"lodash@npm:^4.17.21":
  version: 4.17.21
  resolution: "lodash@npm:4.17.21"
  checksum: d8cbea072bb08655bb4c989da418994b073a608dffa608b09ac04b43a791b12aeae7cd7ad919aa4c925f33b48490b5cfe6c1f71d827956071dae2e7bb3a6b74c
  languageName: node
  linkType: hard

"loose-envify@npm:^1.1.0, loose-envify@npm:^1.4.0":
  version: 1.4.0
  resolution: "loose-envify@npm:1.4.0"
  dependencies:
    js-tokens: "npm:^3.0.0 || ^4.0.0"
  bin:
    loose-envify: cli.js
  checksum: 655d110220983c1a4b9c0c679a2e8016d4b67f6e9c7b5435ff5979ecdb20d0813f4dec0a08674fcbdd4846a3f07edbb50a36811fd37930b94aaa0d9daceb017e
  languageName: node
  linkType: hard

"mime-db@npm:1.52.0":
  version: 1.52.0
  resolution: "mime-db@npm:1.52.0"
  checksum: 0557a01deebf45ac5f5777fe7740b2a5c309c6d62d40ceab4e23da9f821899ce7a900b7ac8157d4548ddbb7beffe9abc621250e6d182b0397ec7f10c7b91a5aa
  languageName: node
  linkType: hard

"mime-types@npm:^2.1.12":
  version: 2.1.35
  resolution: "mime-types@npm:2.1.35"
  dependencies:
    mime-db: "npm:1.52.0"
  checksum: 82fb07ec56d8ff1fc999a84f2f217aa46cb6ed1033fefaabd5785b9a974ed225c90dc72fff460259e66b95b73648596dbcc50d51ed69cdf464af2d237d3149b2
  languageName: node
  linkType: hard

"object-assign@npm:^4.1.1":
  version: 4.1.1
  resolution: "object-assign@npm:4.1.1"
  checksum: 1f4df9945120325d041ccf7b86f31e8bcc14e73d29171e37a7903050e96b81323784ec59f93f102ec635bcf6fa8034ba3ea0a8c7e69fa202b87ae3b6cec5a414
  languageName: node
  linkType: hard

"prop-types@npm:^15.7.2, prop-types@npm:^15.8.1":
  version: 15.8.1
  resolution: "prop-types@npm:15.8.1"
  dependencies:
    loose-envify: "npm:^1.4.0"
    object-assign: "npm:^4.1.1"
    react-is: "npm:^16.13.1"
  checksum: 59ece7ca2fb9838031d73a48d4becb9a7cc1ed10e610517c7d8f19a1e02fa47f7c27d557d8a5702bec3cfeccddc853579832b43f449e54635803f277b1c78077
  languageName: node
  linkType: hard

"property-expr@npm:^2.0.5":
  version: 2.0.6
  resolution: "property-expr@npm:2.0.6"
  checksum: 69b7da15038a1146d6447c69c445306f66a33c425271235bb20507f1846dbf9577a8f9dfafe8acbfcb66f924b270157f155248308f026a68758f35fc72265b3c
  languageName: node
  linkType: hard

"proxy-from-env@npm:^1.1.0":
  version: 1.1.0
  resolution: "proxy-from-env@npm:1.1.0"
  checksum: fe7dd8b1bdbbbea18d1459107729c3e4a2243ca870d26d34c2c1bcd3e4425b7bcc5112362df2d93cc7fb9746f6142b5e272fd1cc5c86ddf8580175186f6ad42b
  languageName: node
  linkType: hard

"react-dom@npm:^18.2.0":
  version: 18.2.0
  resolution: "react-dom@npm:18.2.0"
  dependencies:
    loose-envify: "npm:^1.1.0"
    scheduler: "npm:^0.23.0"
  peerDependencies:
    react: ^18.2.0
  checksum: 66dfc5f93e13d0674e78ef41f92ed21dfb80f9c4ac4ac25a4b51046d41d4d2186abc915b897f69d3d0ebbffe6184e7c5876f2af26bfa956f179225d921be713a
  languageName: node
  linkType: hard

"react-fast-compare@npm:^2.0.1":
  version: 2.0.4
  resolution: "react-fast-compare@npm:2.0.4"
  checksum: f0300c677e95198b5f993cbb8a983dab09586157dc678f9e2b5b29ff941b6677a8776fbbdc425ce102fad86937e36bb45cfcfd797f006270b97ccf287ebfb885
  languageName: node
  linkType: hard

"react-icons@npm:^5.0.1":
  version: 5.0.1
  resolution: "react-icons@npm:5.0.1"
  peerDependencies:
    react: "*"
  checksum: 717022d93a3b2b30082f86fbb3c725a94a603b3fa1c611533439cc886f691a13b1833c30446d257a177667779239eac57411fa7516d8a4787bd735e965c9f63d
  languageName: node
  linkType: hard

"react-is@npm:^16.13.1, react-is@npm:^16.7.0":
  version: 16.13.1
  resolution: "react-is@npm:16.13.1"
  checksum: 33977da7a5f1a287936a0c85639fec6ca74f4f15ef1e59a6bc20338fc73dc69555381e211f7a3529b8150a1f71e4225525b41b60b52965bda53ce7d47377ada1
  languageName: node
  linkType: hard

"react-otp-input@npm:^3.1.1":
  version: 3.1.1
  resolution: "react-otp-input@npm:3.1.1"
  peerDependencies:
    react: ">=16.8.6 || ^17.0.0 || ^18.0.0"
    react-dom: ">=16.8.6 || ^17.0.0 || ^18.0.0"
  checksum: 0b8c7a1a9c49225c75ed3a91be71512c39761bcd1a6d1e6fdd3afadecade1e3b75dac53717dc72b513fcf4881686e6d498d4b6c1412472f8741c46da01d5a804
  languageName: node
  linkType: hard

"react-paystack@npm:^5.0.0":
  version: 5.0.0
  resolution: "react-paystack@npm:5.0.0"
  peerDependencies:
    react: ^15.0.0 || ^16.0.0 || ^17.0.0 || ^18.0.0
    react-dom: ^15.0.0 || ^16.0.0 || ^17.0.0 || ^18.0.0
  checksum: 0c7aeeb129b940339c43edb0b39b43b0f6a663b0647b34b5edda6b6f8e424d0b3af33eeca1179b4a14602387e35662e5532a948f45087a618a15fff958fd3c16
  languageName: node
  linkType: hard

"react-router-dom@npm:6.4":
  version: 6.4.5
  resolution: "react-router-dom@npm:6.4.5"
  dependencies:
    "@remix-run/router": "npm:1.0.5"
    react-router: "npm:6.4.5"
  peerDependencies:
    react: ">=16.8"
    react-dom: ">=16.8"
  checksum: 0c593d979a9652eccdbf11c4e6509f188f6c05607b29632cf0535497809b2b4a77bf8f7dbac21344d88c7da3550f07aff8fd0d9182bf72b5104dd098b1cdc030
  languageName: node
  linkType: hard

"react-router@npm:6.4.5":
  version: 6.4.5
  resolution: "react-router@npm:6.4.5"
  dependencies:
    "@remix-run/router": "npm:1.0.5"
  peerDependencies:
    react: ">=16.8"
  checksum: 5901dae029981682aaf67cba9e275b53112a0ea839a6e533e46791b9251f71069ce7455cb45e15f88405889076112ed516574af845f76a0eb53e859197b0837b
  languageName: node
  linkType: hard

"react-switch@npm:^7.0.0":
  version: 7.0.0
  resolution: "react-switch@npm:7.0.0"
  dependencies:
    prop-types: "npm:^15.7.2"
  peerDependencies:
    react: ^15.3.0 || ^16.0.0 || ^17.0.0 || ^18.0.0
    react-dom: ^15.3.0 || ^16.0.0 || ^17.0.0 || ^18.0.0
  checksum: fe5d2fc7c25998de5ff8c0f5a0013d43bb5dc89564d97b03f9e0202761a00127e477d4d670e8cc2885cfcacbc98e87c0c3555a1398d0db1403db45598d0dc753
  languageName: node
  linkType: hard

"react-toastify@npm:^10.0.4":
  version: 10.0.4
  resolution: "react-toastify@npm:10.0.4"
  dependencies:
    clsx: "npm:^2.1.0"
  peerDependencies:
    react: ">=16"
    react-dom: ">=16"
  checksum: 3d31edf81e8b394fd0085615fd7ba9fb9546c7cdae56e5334df67b58d65450c73af14a8fc163f19ceed03cfee7a344d1af1489422536f52c9516ca45e9b61a37
  languageName: node
  linkType: hard

"react@npm:^18.2.0":
  version: 18.2.0
  resolution: "react@npm:18.2.0"
  dependencies:
    loose-envify: "npm:^1.1.0"
  checksum: b562d9b569b0cb315e44b48099f7712283d93df36b19a39a67c254c6686479d3980b7f013dc931f4a5a3ae7645eae6386b4aa5eea933baa54ecd0f9acb0902b8
  languageName: node
  linkType: hard

"scheduler@npm:^0.23.0":
  version: 0.23.0
  resolution: "scheduler@npm:0.23.0"
  dependencies:
    loose-envify: "npm:^1.1.0"
  checksum: b777f7ca0115e6d93e126ac490dbd82642d14983b3079f58f35519d992fa46260be7d6e6cede433a92db70306310c6f5f06e144f0e40c484199e09c1f7be53dd
  languageName: node
  linkType: hard

"settl-ftend@workspace:.":
  version: 0.0.0-use.local
  resolution: "settl-ftend@workspace:."
  dependencies:
    "@fortawesome/free-regular-svg-icons": "npm:^6.5.1"
    "@fortawesome/free-solid-svg-icons": "npm:^6.5.1"
    "@fortawesome/react-fontawesome": "npm:^0.2.0"
    "@react-oauth/google": "npm:^0.12.1"
    axios: "npm:^1.6.7"
    formik: "npm:^2.4.5"
    react: "npm:^18.2.0"
    react-dom: "npm:^18.2.0"
    react-icons: "npm:^5.0.1"
    react-otp-input: "npm:^3.1.1"
    react-paystack: "npm:^5.0.0"
    react-router-dom: "npm:6.4"
    react-switch: "npm:^7.0.0"
    react-toastify: "npm:^10.0.4"
    yup: "npm:^1.3.3"
  languageName: unknown
  linkType: soft

"tiny-case@npm:^1.0.3":
  version: 1.0.3
  resolution: "tiny-case@npm:1.0.3"
  checksum: c0cbed35884a322265e2cd61ff435168d1ea523f88bf3864ce14a238ae9169e732649776964283a66e4eb882e655992081d4daf8c865042e2233425866111b35
  languageName: node
  linkType: hard

"tiny-warning@npm:^1.0.2":
  version: 1.0.3
  resolution: "tiny-warning@npm:1.0.3"
  checksum: ef8531f581b30342f29670cb41ca248001c6fd7975ce22122bd59b8d62b4fc84ad4207ee7faa95cde982fa3357cd8f4be650142abc22805538c3b1392d7084fa
  languageName: node
  linkType: hard

"toposort@npm:^2.0.2":
  version: 2.0.2
  resolution: "toposort@npm:2.0.2"
  checksum: ab9ca91fce4b972ccae9e2f539d755bf799a0c7eb60da07fd985fce0f14c159ed1e92305ff55697693b5bc13e300f5417db90e2593b127d421c9f6c440950222
  languageName: node
  linkType: hard

"tslib@npm:^2.0.0":
  version: 2.6.2
  resolution: "tslib@npm:2.6.2"
  checksum: e03a8a4271152c8b26604ed45535954c0a45296e32445b4b87f8a5abdb2421f40b59b4ca437c4346af0f28179780d604094eb64546bee2019d903d01c6c19bdb
  languageName: node
  linkType: hard

"type-fest@npm:^2.19.0":
  version: 2.19.0
  resolution: "type-fest@npm:2.19.0"
  checksum: a5a7ecf2e654251613218c215c7493574594951c08e52ab9881c9df6a6da0aeca7528c213c622bc374b4e0cb5c443aa3ab758da4e3c959783ce884c3194e12cb
  languageName: node
  linkType: hard

"yup@npm:^1.3.3":
  version: 1.3.3
  resolution: "yup@npm:1.3.3"
  dependencies:
    property-expr: "npm:^2.0.5"
    tiny-case: "npm:^1.0.3"
    toposort: "npm:^2.0.2"
    type-fest: "npm:^2.19.0"
  checksum: cc00e98af8617b779dd151d6a77779228cfe973a185c743628b2afdecda88c333187d058c1199518d696c15827ba9b757a6c57c1ace6766d970d3cd2368c3264
  languageName: node
  linkType: hard
